
Microsoft Visual Studio Solution File, Format Version 12.00
# Visual Studio 15
VisualStudioVersion = 15.0.28010.2046
MinimumVisualStudioVersion = 10.0.40219.1
Project("{9A19103F-16F7-4668-BE54-9A1E7A4F7556}") = "RC.API", "RC.API\RC.API.csproj", "{49B778C5-1C06-4FB8-8021-20E12334EDAA}"
EndProject
Project("{9A19103F-16F7-4668-BE54-9A1E7A4F7556}") = "RC.Business", "RC.Business\RC.Business.csproj", "{BB63A70A-904C-45D9-A5B9-7F832758035B}"
EndProject
Project("{9A19103F-16F7-4668-BE54-9A1E7A4F7556}") = "RC.DataAccess", "RC.DataAccess\RC.DataAccess.csproj", "{6E307FD2-BE3B-4C7E-A096-B3AADAC9ABB8}"
EndProject
Project("{9A19103F-16F7-4668-BE54-9A1E7A4F7556}") = "RC.Models", "RC.Models\RC.Models.csproj", "{F5BEAEE4-AF3B-4893-8F78-ED7C6A7E9B80}"
EndProject
Project("{FAE04EC0-301F-11D3-BF4B-00C04F79EFBC}") = "IdentityAPI", "IdentityAPI\IdentityAPI.csproj", "{D4A2A00D-41A9-4514-BDC5-EF64D698A732}"
EndProject
Global
	GlobalSection(SolutionConfigurationPlatforms) = preSolution
		Debug|Any CPU = Debug|Any CPU
		Release|Any CPU = Release|Any CPU
	EndGlobalSection
	GlobalSection(ProjectConfigurationPlatforms) = postSolution
		{49B778C5-1C06-4FB8-8021-20E12334EDAA}.Debug|Any CPU.ActiveCfg = Debug|Any CPU
		{49B778C5-1C06-4FB8-8021-20E12334EDAA}.Debug|Any CPU.Build.0 = Debug|Any CPU
		{49B778C5-1C06-4FB8-8021-20E12334EDAA}.Release|Any CPU.ActiveCfg = Release|Any CPU
		{49B778C5-1C06-4FB8-8021-20E12334EDAA}.Release|Any CPU.Build.0 = Release|Any CPU
		{BB63A70A-904C-45D9-A5B9-7F832758035B}.Debug|Any CPU.ActiveCfg = Debug|Any CPU
		{BB63A70A-904C-45D9-A5B9-7F832758035B}.Debug|Any CPU.Build.0 = Debug|Any CPU
		{BB63A70A-904C-45D9-A5B9-7F832758035B}.Release|Any CPU.ActiveCfg = Release|Any CPU
		{BB63A70A-904C-45D9-A5B9-7F832758035B}.Release|Any CPU.Build.0 = Release|Any CPU
		{6E307FD2-BE3B-4C7E-A096-B3AADAC9ABB8}.Debug|Any CPU.ActiveCfg = Debug|Any CPU
		{6E307FD2-BE3B-4C7E-A096-B3AADAC9ABB8}.Debug|Any CPU.Build.0 = Debug|Any CPU
		{6E307FD2-BE3B-4C7E-A096-B3AADAC9ABB8}.Release|Any CPU.ActiveCfg = Release|Any CPU
		{6E307FD2-BE3B-4C7E-A096-B3AADAC9ABB8}.Release|Any CPU.Build.0 = Release|Any CPU
		{F5BEAEE4-AF3B-4893-8F78-ED7C6A7E9B80}.Debug|Any CPU.ActiveCfg = Debug|Any CPU
		{F5BEAEE4-AF3B-4893-8F78-ED7C6A7E9B80}.Debug|Any CPU.Build.0 = Debug|Any CPU
		{F5BEAEE4-AF3B-4893-8F78-ED7C6A7E9B80}.Release|Any CPU.ActiveCfg = Release|Any CPU
		{F5BEAEE4-AF3B-4893-8F78-ED7C6A7E9B80}.Release|Any CPU.Build.0 = Release|Any CPU
		{D4A2A00D-41A9-4514-BDC5-EF64D698A732}.Debug|Any CPU.ActiveCfg = Debug|Any CPU
		{D4A2A00D-41A9-4514-BDC5-EF64D698A732}.Debug|Any CPU.Build.0 = Debug|Any CPU
		{D4A2A00D-41A9-4514-BDC5-EF64D698A732}.Release|Any CPU.ActiveCfg = Release|Any CPU
		{D4A2A00D-41A9-4514-BDC5-EF64D698A732}.Release|Any CPU.Build.0 = Release|Any CPU
	EndGlobalSection
	GlobalSection(SolutionProperties) = preSolution
		HideSolutionNode = FALSE
	EndGlobalSection
	GlobalSection(ExtensibilityGlobals) = postSolution
		SolutionGuid = {5D6E6346-473F-4430-93F5-B75BA7114CE0}
	EndGlobalSection
EndGlobal
